
Microsoft Visual Studio Solution File, Format Version 12.00
# Visual Studio Version 16
VisualStudioVersion = 16.0.31105.61
MinimumVisualStudioVersion = 10.0.40219.1
Project("{8BC9CEB8-8B4A-11D0-8D11-00A0C91BC942}") = "decrypt", "decrypt.vcxproj", "{212AE921-DC44-4FEF-A9B0-BC6A24BBEE23}"
EndProject
Global
	GlobalSection(SolutionConfigurationPlatforms) = preSolution
		Debug|x64 = Debug|x64
		Debug|x86 = Debug|x86
		Release|x64 = Release|x64
		Release|x86 = Release|x86
	EndGlobalSection
	GlobalSection(ProjectConfigurationPlatforms) = postSolution
		{212AE921-DC44-4FEF-A9B0-BC6A24BBEE23}.Debug|x64.ActiveCfg = Debug|x64
		{212AE921-DC44-4FEF-A9B0-BC6A24BBEE23}.Debug|x64.Build.0 = Debug|x64
		{212AE921-DC44-4FEF-A9B0-BC6A24BBEE23}.Debug|x86.ActiveCfg = Debug|Win32
		{212AE921-DC44-4FEF-A9B0-BC6A24BBEE23}.Debug|x86.Build.0 = Debug|Win32
		{212AE921-DC44-4FEF-A9B0-BC6A24BBEE23}.Release|x64.ActiveCfg = Release|x64
		{212AE921-DC44-4FEF-A9B0-BC6A24BBEE23}.Release|x64.Build.0 = Release|x64
		{212AE921-DC44-4FEF-A9B0-BC6A24BBEE23}.Release|x86.ActiveCfg = Release|Win32
		{212AE921-DC44-4FEF-A9B0-BC6A24BBEE23}.Release|x86.Build.0 = Release|Win32
	EndGlobalSection
	GlobalSection(SolutionProperties) = preSolution
		HideSolutionNode = FALSE
	EndGlobalSection
	GlobalSection(ExtensibilityGlobals) = postSolution
		SolutionGuid = {31C02B5C-21EB-4A6C-B9DC-38918649A568}
	EndGlobalSection
EndGlobal
